// !$*UTF8*$!
{
	archiveVersion = 1;
	classes = {
	};
	objectVersion = 46;
	objects = {

/* Begin PBXFileReference section */
		840152EF182AE45E00D58B0A /* makefile */ = {isa = PBXFileReference; fileEncoding = 4; lastKnownFileType = sourcecode.make; path = makefile; sourceTree = "<group>"; usesTabs = 1; };
		8406FCD6188627B8006D8DB7 /* README.md */ = {isa = PBXFileReference; fileEncoding = 4; lastKnownFileType = text; path = README.md; sourceTree = "<group>"; };
		84490D5D1A14945B000E1BFB /* patch_hda.sh */ = {isa = PBXFileReference; fileEncoding = 4; lastKnownFileType = text.script.sh; path = patch_hda.sh; sourceTree = "<group>"; };
		8455352818E65265001ADBFD /* config.plist */ = {isa = PBXFileReference; fileEncoding = 4; lastKnownFileType = text.plist.xml; path = config.plist; sourceTree = "<group>"; };
		8467C38E1A23A9FC00FCF396 /* mount_efi.sh */ = {isa = PBXFileReference; fileEncoding = 4; lastKnownFileType = text.script.sh; path = mount_efi.sh; sourceTree = "<group>"; };
		B80162B21FD1D14900F9638F /* os_version.sh */ = {isa = PBXFileReference; fileEncoding = 4; lastKnownFileType = text.script.sh; path = os_version.sh; sourceTree = "<group>"; };
		B8037A461DAD27BC0000EA48 /* SSDT-IGPU.dsl */ = {isa = PBXFileReference; fileEncoding = 4; lastKnownFileType = text; name = "SSDT-IGPU.dsl"; path = "hotpatch/SSDT-IGPU.dsl"; sourceTree = "<group>"; };
		B818FE261D5BD7B000489224 /* update_config.sh */ = {isa = PBXFileReference; fileEncoding = 4; lastKnownFileType = text.script.sh; path = update_config.sh; sourceTree = "<group>"; };
		B83F11FC1DA17EA800CAE62A /* SSDT-BATT.dsl */ = {isa = PBXFileReference; fileEncoding = 4; lastKnownFileType = text; name = "SSDT-BATT.dsl"; path = "hotpatch/SSDT-BATT.dsl"; sourceTree = "<group>"; };
		B83F11FE1DA17EA800CAE62A /* SSDT-HDAU.dsl */ = {isa = PBXFileReference; fileEncoding = 4; lastKnownFileType = text; name = "SSDT-HDAU.dsl"; path = "hotpatch/SSDT-HDAU.dsl"; sourceTree = "<group>"; };
		B83F11FF1DA17EA800CAE62A /* SSDT-HDEF.dsl */ = {isa = PBXFileReference; fileEncoding = 4; lastKnownFileType = text; name = "SSDT-HDEF.dsl"; path = "hotpatch/SSDT-HDEF.dsl"; sourceTree = "<group>"; };
		B83F12021DA17EA800CAE62A /* SSDT-PNLF.dsl */ = {isa = PBXFileReference; fileEncoding = 4; lastKnownFileType = text; name = "SSDT-PNLF.dsl"; path = "hotpatch/SSDT-PNLF.dsl"; sourceTree = "<group>"; };
		B83F12031DA17EA800CAE62A /* SSDT-USB.dsl */ = {isa = PBXFileReference; fileEncoding = 4; lastKnownFileType = text; name = "SSDT-USB.dsl"; path = "hotpatch/SSDT-USB.dsl"; sourceTree = "<group>"; };
		B83F12041DA17EA800CAE62A /* SSDT-XOSI.dsl */ = {isa = PBXFileReference; fileEncoding = 4; lastKnownFileType = text; name = "SSDT-XOSI.dsl"; path = "hotpatch/SSDT-XOSI.dsl"; sourceTree = "<group>"; };
		B871C3871DC488A900C86534 /* SSDT-PS2K.dsl */ = {isa = PBXFileReference; fileEncoding = 4; lastKnownFileType = text; name = "SSDT-PS2K.dsl"; path = "hotpatch/SSDT-PS2K.dsl"; sourceTree = "<group>"; };
		B897A3581E5A013100030FB9 /* SSDT-DGPU.dsl */ = {isa = PBXFileReference; fileEncoding = 4; lastKnownFileType = text; name = "SSDT-DGPU.dsl"; path = "hotpatch/SSDT-DGPU.dsl"; sourceTree = "<group>"; };
		B8AF85041E03E8FF006076A7 /* SSDT-UIAC.dsl */ = {isa = PBXFileReference; fileEncoding = 4; lastKnownFileType = text; name = "SSDT-UIAC.dsl"; path = "hotpatch/SSDT-UIAC.dsl"; sourceTree = "<group>"; };
		B8B0B0DB1DC4FCDD000FC6AE /* SSDT-GPRW.dsl */ = {isa = PBXFileReference; fileEncoding = 4; lastKnownFileType = text; name = "SSDT-GPRW.dsl"; path = "hotpatch/SSDT-GPRW.dsl"; sourceTree = "<group>"; };
		B8E4E3461EC309E7008EAB79 /* SSDT-PM.dsl */ = {isa = PBXFileReference; fileEncoding = 4; lastKnownFileType = text; name = "SSDT-PM.dsl"; path = "hotpatch/SSDT-PM.dsl"; sourceTree = "<group>"; };
		ED3F518A1A2029DE0060691A /* install_downloads.sh */ = {isa = PBXFileReference; fileEncoding = 4; lastKnownFileType = text.script.sh; path = install_downloads.sh; sourceTree = "<group>"; };
		ED3F518B1A2029DE0060691A /* download.sh */ = {isa = PBXFileReference; fileEncoding = 4; lastKnownFileType = text.script.sh; path = download.sh; sourceTree = "<group>"; };
		EDC7F9421B4C64FA00B49451 /* layout3.plist */ = {isa = PBXFileReference; fileEncoding = 4; lastKnownFileType = text.plist.xml; name = layout3.plist; path = Resources_CX20751/layout3.plist; sourceTree = "<group>"; };
		EDC7F9431B4C64FA00B49451 /* Platforms.plist */ = {isa = PBXFileReference; fileEncoding = 4; lastKnownFileType = text.plist.xml; name = Platforms.plist; path = Resources_CX20751/Platforms.plist; sourceTree = "<group>"; };
		EDF134011B4F62DA009D8597 /* ahhcd.plist */ = {isa = PBXFileReference; fileEncoding = 4; lastKnownFileType = text.plist.xml; name = ahhcd.plist; path = Resources_CX20751/ahhcd.plist; sourceTree = "<group>"; };
/* End PBXFileReference section */

/* Begin PBXGroup section */
		840152E4182AE40B00D58B0A = {
			isa = PBXGroup;
			children = (
				8406FCD6188627B8006D8DB7 /* README.md */,
				8455352818E65265001ADBFD /* config.plist */,
				840152EF182AE45E00D58B0A /* makefile */,
				ED3F518B1A2029DE0060691A /* download.sh */,
				ED3F518A1A2029DE0060691A /* install_downloads.sh */,
				8467C38E1A23A9FC00FCF396 /* mount_efi.sh */,
				B818FE261D5BD7B000489224 /* update_config.sh */,
				B80162B21FD1D14900F9638F /* os_version.sh */,
				B83F12051DA17EAF00CAE62A /* hotpatch */,
				84B540381ACB34B600D8ABAE /* audio */,
			);
			sourceTree = "<group>";
		};
		84B540381ACB34B600D8ABAE /* audio */ = {
			isa = PBXGroup;
			children = (
				84490D5D1A14945B000E1BFB /* patch_hda.sh */,
				EDF134011B4F62DA009D8597 /* ahhcd.plist */,
				EDC7F9421B4C64FA00B49451 /* layout3.plist */,
				EDC7F9431B4C64FA00B49451 /* Platforms.plist */,
			);
			name = audio;
			sourceTree = "<group>";
		};
		B83F12051DA17EAF00CAE62A /* hotpatch */ = {
			isa = PBXGroup;
			children = (
				B83F12041DA17EA800CAE62A /* SSDT-XOSI.dsl */,
				B8E4E3461EC309E7008EAB79 /* SSDT-PM.dsl */,
				B83F12031DA17EA800CAE62A /* SSDT-USB.dsl */,
				B8AF85041E03E8FF006076A7 /* SSDT-UIAC.dsl */,
				B8B0B0DB1DC4FCDD000FC6AE /* SSDT-GPRW.dsl */,
				B83F12021DA17EA800CAE62A /* SSDT-PNLF.dsl */,
				B871C3871DC488A900C86534 /* SSDT-PS2K.dsl */,
				B8037A461DAD27BC0000EA48 /* SSDT-IGPU.dsl */,
				B897A3581E5A013100030FB9 /* SSDT-DGPU.dsl */,
				B83F11FF1DA17EA800CAE62A /* SSDT-HDEF.dsl */,
				B83F11FE1DA17EA800CAE62A /* SSDT-HDAU.dsl */,
				B83F11FC1DA17EA800CAE62A /* SSDT-BATT.dsl */,
			);
			name = hotpatch;
			sourceTree = "<group>";
		};
/* End PBXGroup section */

/* Begin PBXLegacyTarget section */
		840152E9182AE40B00D58B0A /* z50 */ = {
			isa = PBXLegacyTarget;
			buildArgumentsString = "$(ACTION)";
			buildConfigurationList = 840152EC182AE40B00D58B0A /* Build configuration list for PBXLegacyTarget "z50" */;
			buildPhases = (
			);
			buildToolPath = /usr/bin/make;
			dependencies = (
			);
			name = z50;
			passBuildSettingsInEnvironment = 1;
			productName = z50;
		};
/* End PBXLegacyTarget section */

/* Begin PBXProject section */
		840152E5182AE40B00D58B0A /* Project object */ = {
			isa = PBXProject;
			attributes = {
				LastUpgradeCheck = 0800;
				ORGANIZATIONNAME = RehabMan;
			};
			buildConfigurationList = 840152E8182AE40B00D58B0A /* Build configuration list for PBXProject "Z50" */;
			compatibilityVersion = "Xcode 3.2";
			developmentRegion = English;
			hasScannedForEncodings = 0;
			knownRegions = (
				en,
			);
			mainGroup = 840152E4182AE40B00D58B0A;
			projectDirPath = "";
			projectRoot = "";
			targets = (
				840152E9182AE40B00D58B0A /* z50 */,
			);
		};
/* End PBXProject section */

/* Begin XCBuildConfiguration section */
		840152EA182AE40B00D58B0A /* Debug */ = {
			isa = XCBuildConfiguration;
			buildSettings = {
				ALWAYS_SEARCH_USER_PATHS = NO;
				CLANG_CXX_LANGUAGE_STANDARD = "gnu++0x";
				CLANG_CXX_LIBRARY = "libc++";
				CLANG_ENABLE_OBJC_ARC = YES;
				CLANG_WARN_BOOL_CONVERSION = YES;
				CLANG_WARN_CONSTANT_CONVERSION = YES;
				CLANG_WARN_DIRECT_OBJC_ISA_USAGE = YES_ERROR;
				CLANG_WARN_EMPTY_BODY = YES;
				CLANG_WARN_ENUM_CONVERSION = YES;
				CLANG_WARN_INFINITE_RECURSION = YES;
				CLANG_WARN_INT_CONVERSION = YES;
				CLANG_WARN_OBJC_ROOT_CLASS = YES_ERROR;
				CLANG_WARN_SUSPICIOUS_MOVE = YES;
				CLANG_WARN_UNREACHABLE_CODE = YES;
				CLANG_WARN__DUPLICATE_METHOD_MATCH = YES;
				COPY_PHASE_STRIP = NO;
				ENABLE_STRICT_OBJC_MSGSEND = YES;
				ENABLE_TESTABILITY = YES;
				GCC_C_LANGUAGE_STANDARD = gnu99;
				GCC_DYNAMIC_NO_PIC = NO;
				GCC_ENABLE_OBJC_EXCEPTIONS = YES;
				GCC_NO_COMMON_BLOCKS = YES;
				GCC_OPTIMIZATION_LEVEL = 0;
				GCC_PREPROCESSOR_DEFINITIONS = (
					"DEBUG=1",
					"$(inherited)",
				);
				GCC_SYMBOLS_PRIVATE_EXTERN = NO;
				GCC_WARN_64_TO_32_BIT_CONVERSION = YES;
				GCC_WARN_ABOUT_RETURN_TYPE = YES_ERROR;
				GCC_WARN_UNDECLARED_SELECTOR = YES;
				GCC_WARN_UNINITIALIZED_AUTOS = YES;
				GCC_WARN_UNUSED_FUNCTION = YES;
				GCC_WARN_UNUSED_VARIABLE = YES;
				MACOSX_DEPLOYMENT_TARGET = 10.9;
				ONLY_ACTIVE_ARCH = YES;
				SDKROOT = macosx;
			};
			name = Debug;
		};
		840152EB182AE40B00D58B0A /* Release */ = {
			isa = XCBuildConfiguration;
			buildSettings = {
				ALWAYS_SEARCH_USER_PATHS = NO;
				CLANG_CXX_LANGUAGE_STANDARD = "gnu++0x";
				CLANG_CXX_LIBRARY = "libc++";
				CLANG_ENABLE_OBJC_ARC = YES;
				CLANG_WARN_BOOL_CONVERSION = YES;
				CLANG_WARN_CONSTANT_CONVERSION = YES;
				CLANG_WARN_DIRECT_OBJC_ISA_USAGE = YES_ERROR;
				CLANG_WARN_EMPTY_BODY = YES;
				CLANG_WARN_ENUM_CONVERSION = YES;
				CLANG_WARN_INFINITE_RECURSION = YES;
				CLANG_WARN_INT_CONVERSION = YES;
				CLANG_WARN_OBJC_ROOT_CLASS = YES_ERROR;
				CLANG_WARN_SUSPICIOUS_MOVE = YES;
				CLANG_WARN_UNREACHABLE_CODE = YES;
				CLANG_WARN__DUPLICATE_METHOD_MATCH = YES;
				COPY_PHASE_STRIP = YES;
				DEBUG_INFORMATION_FORMAT = "dwarf-with-dsym";
				ENABLE_NS_ASSERTIONS = NO;
				ENABLE_STRICT_OBJC_MSGSEND = YES;
				GCC_C_LANGUAGE_STANDARD = gnu99;
				GCC_ENABLE_OBJC_EXCEPTIONS = YES;
				GCC_NO_COMMON_BLOCKS = YES;
				GCC_WARN_64_TO_32_BIT_CONVERSION = YES;
				GCC_WARN_ABOUT_RETURN_TYPE = YES_ERROR;
				GCC_WARN_UNDECLARED_SELECTOR = YES;
				GCC_WARN_UNINITIALIZED_AUTOS = YES;
				GCC_WARN_UNUSED_FUNCTION = YES;
				GCC_WARN_UNUSED_VARIABLE = YES;
				MACOSX_DEPLOYMENT_TARGET = 10.9;
				SDKROOT = macosx;
			};
			name = Release;
		};
		840152ED182AE40B00D58B0A /* Debug */ = {
			isa = XCBuildConfiguration;
			buildSettings = {
				DEBUGGING_SYMBOLS = YES;
				GCC_GENERATE_DEBUGGING_SYMBOLS = YES;
				GCC_OPTIMIZATION_LEVEL = 0;
				OTHER_CFLAGS = "";
				OTHER_LDFLAGS = "";
				PRODUCT_NAME = z50;
			};
			name = Debug;
		};
		840152EE182AE40B00D58B0A /* Release */ = {
			isa = XCBuildConfiguration;
			buildSettings = {
				OTHER_CFLAGS = "";
				OTHER_LDFLAGS = "";
				PRODUCT_NAME = z50;
			};
			name = Release;
		};
/* End XCBuildConfiguration section */

/* Begin XCConfigurationList section */
		840152E8182AE40B00D58B0A /* Build configuration list for PBXProject "Z50" */ = {
			isa = XCConfigurationList;
			buildConfigurations = (
				840152EA182AE40B00D58B0A /* Debug */,
				840152EB182AE40B00D58B0A /* Release */,
			);
			defaultConfigurationIsVisible = 0;
			defaultConfigurationName = Release;
		};
		840152EC182AE40B00D58B0A /* Build configuration list for PBXLegacyTarget "z50" */ = {
			isa = XCConfigurationList;
			buildConfigurations = (
				840152ED182AE40B00D58B0A /* Debug */,
				840152EE182AE40B00D58B0A /* Release */,
			);
			defaultConfigurationIsVisible = 0;
			defaultConfigurationName = Release;
		};
/* End XCConfigurationList section */
	};
	rootObject = 840152E5182AE40B00D58B0A /* Project object */;
}
